
Microsoft Visual Studio Solution File, Format Version 12.00
# Visual Studio Version 17
VisualStudioVersion = 17.5.002.0
MinimumVisualStudioVersion = 10.0.40219.1
Project("{9A19103F-16F7-4668-BE54-9A1E7A4F7556}") = "AuthApp1", "AuthApp1.csproj", "{A76B5999-3A28-42F8-B11D-BD922B0A12DA}"
EndProject
Global
	GlobalSection(SolutionConfigurationPlatforms) = preSolution
		Debug|Any CPU = Debug|Any CPU
		Release|Any CPU = Release|Any CPU
	EndGlobalSection
	GlobalSection(ProjectConfigurationPlatforms) = postSolution
		{A76B5999-3A28-42F8-B11D-BD922B0A12DA}.Debug|Any CPU.ActiveCfg = Debug|Any CPU
		{A76B5999-3A28-42F8-B11D-BD922B0A12DA}.Debug|Any CPU.Build.0 = Debug|Any CPU
		{A76B5999-3A28-42F8-B11D-BD922B0A12DA}.Release|Any CPU.ActiveCfg = Release|Any CPU
		{A76B5999-3A28-42F8-B11D-BD922B0A12DA}.Release|Any CPU.Build.0 = Release|Any CPU
	EndGlobalSection
	GlobalSection(SolutionProperties) = preSolution
		HideSolutionNode = FALSE
	EndGlobalSection
	GlobalSection(ExtensibilityGlobals) = postSolution
		SolutionGuid = {51417D03-BA78-4193-BF25-E0B9BF0593E2}
	EndGlobalSection
EndGlobal
